
Microsoft Visual Studio Solution File, Format Version 12.00
# Visual Studio 15
VisualStudioVersion = 15.0.28307.489
MinimumVisualStudioVersion = 10.0.40219.1
Project("{FAE04EC0-301F-11D3-BF4B-00C04F79EFBC}") = "View1", "View1\View1.csproj", "{D7094C95-3C5D-4F3A-BD1D-12FE2A5F9E6C}"
EndProject
Project("{FAE04EC0-301F-11D3-BF4B-00C04F79EFBC}") = "BL", "BL\BL.csproj", "{CE0BA76E-4867-4C39-B53A-E56E10C5CB27}"
EndProject
Project("{FAE04EC0-301F-11D3-BF4B-00C04F79EFBC}") = "Model", "Model\Model.csproj", "{AAE4558C-919F-4883-8505-0A39182021A0}"
EndProject
Project("{FAE04EC0-301F-11D3-BF4B-00C04F79EFBC}") = "DAL", "DAL\DAL.csproj", "{338DF88E-917C-4F1C-98CE-73063D234EF9}"
EndProject
Global
	GlobalSection(SolutionConfigurationPlatforms) = preSolution
		Debug|Any CPU = Debug|Any CPU
		Release|Any CPU = Release|Any CPU
	EndGlobalSection
	GlobalSection(ProjectConfigurationPlatforms) = postSolution
		{D7094C95-3C5D-4F3A-BD1D-12FE2A5F9E6C}.Debug|Any CPU.ActiveCfg = Debug|Any CPU
		{D7094C95-3C5D-4F3A-BD1D-12FE2A5F9E6C}.Debug|Any CPU.Build.0 = Debug|Any CPU
		{D7094C95-3C5D-4F3A-BD1D-12FE2A5F9E6C}.Release|Any CPU.ActiveCfg = Release|Any CPU
		{D7094C95-3C5D-4F3A-BD1D-12FE2A5F9E6C}.Release|Any CPU.Build.0 = Release|Any CPU
		{CE0BA76E-4867-4C39-B53A-E56E10C5CB27}.Debug|Any CPU.ActiveCfg = Debug|Any CPU
		{CE0BA76E-4867-4C39-B53A-E56E10C5CB27}.Debug|Any CPU.Build.0 = Debug|Any CPU
		{CE0BA76E-4867-4C39-B53A-E56E10C5CB27}.Release|Any CPU.ActiveCfg = Release|Any CPU
		{CE0BA76E-4867-4C39-B53A-E56E10C5CB27}.Release|Any CPU.Build.0 = Release|Any CPU
		{AAE4558C-919F-4883-8505-0A39182021A0}.Debug|Any CPU.ActiveCfg = Debug|Any CPU
		{AAE4558C-919F-4883-8505-0A39182021A0}.Debug|Any CPU.Build.0 = Debug|Any CPU
		{AAE4558C-919F-4883-8505-0A39182021A0}.Release|Any CPU.ActiveCfg = Release|Any CPU
		{AAE4558C-919F-4883-8505-0A39182021A0}.Release|Any CPU.Build.0 = Release|Any CPU
		{338DF88E-917C-4F1C-98CE-73063D234EF9}.Debug|Any CPU.ActiveCfg = Debug|Any CPU
		{338DF88E-917C-4F1C-98CE-73063D234EF9}.Debug|Any CPU.Build.0 = Debug|Any CPU
		{338DF88E-917C-4F1C-98CE-73063D234EF9}.Release|Any CPU.ActiveCfg = Release|Any CPU
		{338DF88E-917C-4F1C-98CE-73063D234EF9}.Release|Any CPU.Build.0 = Release|Any CPU
	EndGlobalSection
	GlobalSection(SolutionProperties) = preSolution
		HideSolutionNode = FALSE
	EndGlobalSection
	GlobalSection(ExtensibilityGlobals) = postSolution
		SolutionGuid = {E2060BA7-8431-4AA7-8C64-68A913CA6F91}
	EndGlobalSection
EndGlobal
